
Microsoft Visual Studio Solution File, Format Version 12.00
# Visual Studio 15
VisualStudioVersion = 15.0.28010.2041
MinimumVisualStudioVersion = 10.0.40219.1
Project("{FAE04EC0-301F-11D3-BF4B-00C04F79EFBC}") = "App", "App\App.csproj", "{0F11AB83-3F5C-44D9-B47B-CEEA035AFCE8}"
EndProject
Project("{FAE04EC0-301F-11D3-BF4B-00C04F79EFBC}") = "Models", "Models\Models.csproj", "{9BCD72AD-0492-4189-AF96-CBFCDE5278A1}"
EndProject
Global
	GlobalSection(SolutionConfigurationPlatforms) = preSolution
		Debug|Any CPU = Debug|Any CPU
		Release|Any CPU = Release|Any CPU
	EndGlobalSection
	GlobalSection(ProjectConfigurationPlatforms) = postSolution
		{0F11AB83-3F5C-44D9-B47B-CEEA035AFCE8}.Debug|Any CPU.ActiveCfg = Debug|Any CPU
		{0F11AB83-3F5C-44D9-B47B-CEEA035AFCE8}.Debug|Any CPU.Build.0 = Debug|Any CPU
		{0F11AB83-3F5C-44D9-B47B-CEEA035AFCE8}.Release|Any CPU.ActiveCfg = Release|Any CPU
		{0F11AB83-3F5C-44D9-B47B-CEEA035AFCE8}.Release|Any CPU.Build.0 = Release|Any CPU
		{9BCD72AD-0492-4189-AF96-CBFCDE5278A1}.Debug|Any CPU.ActiveCfg = Debug|Any CPU
		{9BCD72AD-0492-4189-AF96-CBFCDE5278A1}.Debug|Any CPU.Build.0 = Debug|Any CPU
		{9BCD72AD-0492-4189-AF96-CBFCDE5278A1}.Release|Any CPU.ActiveCfg = Release|Any CPU
		{9BCD72AD-0492-4189-AF96-CBFCDE5278A1}.Release|Any CPU.Build.0 = Release|Any CPU
	EndGlobalSection
	GlobalSection(SolutionProperties) = preSolution
		HideSolutionNode = FALSE
	EndGlobalSection
	GlobalSection(ExtensibilityGlobals) = postSolution
		SolutionGuid = {4ED82FA1-7368-4FBE-A2C7-DFB210BF8E38}
	EndGlobalSection
EndGlobal
